{
  "nodes": {
    "flake-utils": {
      "inputs": {
        "systems": "systems"
      },
      "locked": {
        "lastModified": 1689068808,
        "narHash": "sha256-6ixXo3wt24N/melDWjq70UuHQLxGV8jZvooRanIHXw0=",
        "owner": "numtide",
        "repo": "flake-utils",
        "rev": "919d646de7be200f3bf08cb76ae1f09402b6f9b4",
        "type": "github"
      },
      "original": {
        "owner": "numtide",
        "repo": "flake-utils",
        "type": "github"
      }
    },
    "nixGL": {
      "inputs": {
        "flake-utils": [
          "flake-utils"
        ],
        "nixpkgs": [
          "nixpkgs"
        ]
      },
      "locked": {
        "lastModified": 1713543440,
        "narHash": "sha256-lnzZQYG0+EXl/6NkGpyIz+FEOc/DSEG57AP1VsdeNrM=",
        "owner": "nix-community",
        "repo": "nixGL",
        "rev": "310f8e49a149e4c9ea52f1adf70cdc768ec53f8a",
        "type": "github"
      },
      "original": {
        "owner": "nix-community",
        "repo": "nixGL",
        "type": "github"
      }
    },
    "nixpkgs": {
      "locked": {
        "lastModified": 315532800,
        "narHash": "sha256-DfkF+sEdKXCrvkg7olt82Q9cfP3p7Ro2R851fcTcSxI=",
        "rev": "1bc55b9def8165e82073919945c3239903fe4dc2",
        "type": "tarball",
        "url": "https://releases.nixos.org/nixos/26.05/nixos-26.05.10478.1bc55b9def81/nixexprs.tar.zst?lastModified=1790113641"
      },
      "original": {
        "id": "nixpkgs",
        "ref": "nixos-26.05",
        "type": "indirect"
      }
    },
    "proj-repo": {
      "inputs": {
        "flake-utils": [
          "flake-utils"
        ],
        "nixpkgs": [
          "nixpkgs"
        ]
      },
      "locked": {
        "lastModified": 1790194148,
        "narHash": "sha256-uJABHiDMksjohBhFwarvJQpRslHBCYj3k/YOP9Fqnss=",
        "ref": "refs/heads/update-nix",
        "rev": "5a69f113bb1ae74762319c135a44208c58fd0fad",
        "revCount": 169,
        "type": "git",
        "url": "https://github.com/elliottslaughter/proj.git"
      },
      "original": {
        "ref": "refs/heads/update-nix",
        "rev": "5a69f113bb1ae74762319c135a44208c58fd0fad",
        "type": "git",
        "url": "https://github.com/elliottslaughter/proj.git"
      }
    },
    "root": {
      "inputs": {
        "flake-utils": "flake-utils",
        "nixGL": "nixGL",
        "nixpkgs": "nixpkgs",
        "proj-repo": "proj-repo"
      }
    },
    "systems": {
      "locked": {
        "lastModified": 1681028828,
        "narHash": "sha256-Vy1rq5AaRuLzOxct8nz4T6wlgyUR7zLU309k9mBC768=",
        "owner": "nix-systems",
        "repo": "default",
        "rev": "da67096a3b9bf56a91d16901293e51ba5b49a27e",
        "type": "github"
      },
      "original": {
        "owner": "nix-systems",
        "repo": "default",
        "type": "github"
      }
    }
  },
  "root": "root",
  "version": 7
}
